
Microsoft Visual Studio Solution File, Format Version 12.00
# Visual Studio Version 16
VisualStudioVersion = 16.0.29424.173
MinimumVisualStudioVersion = 10.0.40219.1
Project("{8BC9CEB8-8B4A-11D0-8D11-00A0C91BC942}") = "PF Assignment 2", "PF Assignment 2\PF Assignment 2.vcxproj", "{886086A3-6829-4D8E-8783-DF25E3EFA26E}"
EndProject
Global
	GlobalSection(SolutionConfigurationPlatforms) = preSolution
		Debug|x64 = Debug|x64
		Debug|x86 = Debug|x86
		Release|x64 = Release|x64
		Release|x86 = Release|x86
	EndGlobalSection
	GlobalSection(ProjectConfigurationPlatforms) = postSolution
		{886086A3-6829-4D8E-8783-DF25E3EFA26E}.Debug|x64.ActiveCfg = Debug|x64
		{886086A3-6829-4D8E-8783-DF25E3EFA26E}.Debug|x64.Build.0 = Debug|x64
		{886086A3-6829-4D8E-8783-DF25E3EFA26E}.Debug|x86.ActiveCfg = Debug|Win32
		{886086A3-6829-4D8E-8783-DF25E3EFA26E}.Debug|x86.Build.0 = Debug|Win32
		{886086A3-6829-4D8E-8783-DF25E3EFA26E}.Release|x64.ActiveCfg = Release|x64
		{886086A3-6829-4D8E-8783-DF25E3EFA26E}.Release|x64.Build.0 = Release|x64
		{886086A3-6829-4D8E-8783-DF25E3EFA26E}.Release|x86.ActiveCfg = Release|Win32
		{886086A3-6829-4D8E-8783-DF25E3EFA26E}.Release|x86.Build.0 = Release|Win32
	EndGlobalSection
	GlobalSection(SolutionProperties) = preSolution
		HideSolutionNode = FALSE
	EndGlobalSection
	GlobalSection(ExtensibilityGlobals) = postSolution
		SolutionGuid = {9E49D6F7-E265-4838-AFA6-906314FA09B1}
	EndGlobalSection
EndGlobal
